
Microsoft Visual Studio Solution File, Format Version 12.00
# Visual Studio Version 16
VisualStudioVersion = 16.0.29709.97
MinimumVisualStudioVersion = 10.0.40219.1
Project("{FAE04EC0-301F-11D3-BF4B-00C04F79EFBC}") = "VoBoo", "VoBoo\VoBoo.csproj", "{5AFDDB7D-E7CA-40F3-A591-2AC6752AA2EC}"
EndProject
Global
	GlobalSection(SolutionConfigurationPlatforms) = preSolution
		Debug|Any CPU = Debug|Any CPU
		Release|Any CPU = Release|Any CPU
	EndGlobalSection
	GlobalSection(ProjectConfigurationPlatforms) = postSolution
		{5AFDDB7D-E7CA-40F3-A591-2AC6752AA2EC}.Debug|Any CPU.ActiveCfg = Debug|Any CPU
		{5AFDDB7D-E7CA-40F3-A591-2AC6752AA2EC}.Debug|Any CPU.Build.0 = Debug|Any CPU
		{5AFDDB7D-E7CA-40F3-A591-2AC6752AA2EC}.Release|Any CPU.ActiveCfg = Release|Any CPU
		{5AFDDB7D-E7CA-40F3-A591-2AC6752AA2EC}.Release|Any CPU.Build.0 = Release|Any CPU
	EndGlobalSection
	GlobalSection(SolutionProperties) = preSolution
		HideSolutionNode = FALSE
	EndGlobalSection
	GlobalSection(ExtensibilityGlobals) = postSolution
		SolutionGuid = {6B33C649-B761-4846-BB4D-64D74C700FA7}
	EndGlobalSection
EndGlobal
